
Microsoft Visual Studio Solution File, Format Version 12.00
# Visual Studio 2017
Project("{FAE04EC0-301F-11D3-BF4B-00C04F79EFBC}") = "ProjectAkhir3", "ProjectAkhir3.csproj", "{147532EC-2930-833B-889E-87AA124BA859}"
EndProject
Project("{FAE04EC0-301F-11D3-BF4B-00C04F79EFBC}") = "ProjectAkhir3.Editor", "ProjectAkhir3.Editor.csproj", "{1487562A-43F1-0F7A-ED56-978C86AB8BAB}"
EndProject
Global
	GlobalSection(SolutionConfigurationPlatforms) = preSolution
		Debug|Any CPU = Debug|Any CPU
		Release|Any CPU = Release|Any CPU
	EndGlobalSection
	GlobalSection(ProjectConfigurationPlatforms) = postSolution
		{147532EC-2930-833B-889E-87AA124BA859}.Debug|Any CPU.ActiveCfg = Debug|Any CPU
		{147532EC-2930-833B-889E-87AA124BA859}.Debug|Any CPU.Build.0 = Debug|Any CPU
		{147532EC-2930-833B-889E-87AA124BA859}.Release|Any CPU.ActiveCfg = Release|Any CPU
		{147532EC-2930-833B-889E-87AA124BA859}.Release|Any CPU.Build.0 = Release|Any CPU
		{1487562A-43F1-0F7A-ED56-978C86AB8BAB}.Debug|Any CPU.ActiveCfg = Debug|Any CPU
		{1487562A-43F1-0F7A-ED56-978C86AB8BAB}.Debug|Any CPU.Build.0 = Debug|Any CPU
		{1487562A-43F1-0F7A-ED56-978C86AB8BAB}.Release|Any CPU.ActiveCfg = Release|Any CPU
		{1487562A-43F1-0F7A-ED56-978C86AB8BAB}.Release|Any CPU.Build.0 = Release|Any CPU
	EndGlobalSection
	GlobalSection(SolutionProperties) = preSolution
		HideSolutionNode = FALSE
	EndGlobalSection
EndGlobal
